
Microsoft Visual Studio Solution File, Format Version 12.00
# Visual Studio Version 17
VisualStudioVersion = 17.5.33530.505
MinimumVisualStudioVersion = 10.0.40219.1
Project("{FAE04EC0-301F-11D3-BF4B-00C04F79EFBC}") = "D18", "D18\D18.csproj", "{5054A590-FF2C-460A-8F93-761C66917F96}"
EndProject
Global
	GlobalSection(SolutionConfigurationPlatforms) = preSolution
		Debug|Any CPU = Debug|Any CPU
		Release|Any CPU = Release|Any CPU
	EndGlobalSection
	GlobalSection(ProjectConfigurationPlatforms) = postSolution
		{5054A590-FF2C-460A-8F93-761C66917F96}.Debug|Any CPU.ActiveCfg = Debug|Any CPU
		{5054A590-FF2C-460A-8F93-761C66917F96}.Debug|Any CPU.Build.0 = Debug|Any CPU
		{5054A590-FF2C-460A-8F93-761C66917F96}.Release|Any CPU.ActiveCfg = Release|Any CPU
		{5054A590-FF2C-460A-8F93-761C66917F96}.Release|Any CPU.Build.0 = Release|Any CPU
	EndGlobalSection
	GlobalSection(SolutionProperties) = preSolution
		HideSolutionNode = FALSE
	EndGlobalSection
	GlobalSection(ExtensibilityGlobals) = postSolution
		SolutionGuid = {FBC42130-400F-4FE6-8DB0-A1355AA677A0}
	EndGlobalSection
EndGlobal
