
Microsoft Visual Studio Solution File, Format Version 12.00
# Visual Studio Version 17
VisualStudioVersion = 17.5.33530.505
MinimumVisualStudioVersion = 10.0.40219.1
Project("{FAE04EC0-301F-11D3-BF4B-00C04F79EFBC}") = "D15", "D15\D15.csproj", "{E6C3C321-5131-4CE1-A187-2725D6696130}"
EndProject
Global
	GlobalSection(SolutionConfigurationPlatforms) = preSolution
		Debug|Any CPU = Debug|Any CPU
		Release|Any CPU = Release|Any CPU
	EndGlobalSection
	GlobalSection(ProjectConfigurationPlatforms) = postSolution
		{E6C3C321-5131-4CE1-A187-2725D6696130}.Debug|Any CPU.ActiveCfg = Debug|Any CPU
		{E6C3C321-5131-4CE1-A187-2725D6696130}.Debug|Any CPU.Build.0 = Debug|Any CPU
		{E6C3C321-5131-4CE1-A187-2725D6696130}.Release|Any CPU.ActiveCfg = Release|Any CPU
		{E6C3C321-5131-4CE1-A187-2725D6696130}.Release|Any CPU.Build.0 = Release|Any CPU
	EndGlobalSection
	GlobalSection(SolutionProperties) = preSolution
		HideSolutionNode = FALSE
	EndGlobalSection
	GlobalSection(ExtensibilityGlobals) = postSolution
		SolutionGuid = {6EE1EC95-80E2-4790-BED5-FABD2CBDEF63}
	EndGlobalSection
EndGlobal
