
Microsoft Visual Studio Solution File, Format Version 12.00
# Visual Studio Version 17
VisualStudioVersion = 17.5.33530.505
MinimumVisualStudioVersion = 10.0.40219.1
Project("{FAE04EC0-301F-11D3-BF4B-00C04F79EFBC}") = "D10", "D10\D10.csproj", "{700116DC-1C3C-4AC3-87EE-225DB4BE67F6}"
EndProject
Global
	GlobalSection(SolutionConfigurationPlatforms) = preSolution
		Debug|Any CPU = Debug|Any CPU
		Release|Any CPU = Release|Any CPU
	EndGlobalSection
	GlobalSection(ProjectConfigurationPlatforms) = postSolution
		{700116DC-1C3C-4AC3-87EE-225DB4BE67F6}.Debug|Any CPU.ActiveCfg = Debug|Any CPU
		{700116DC-1C3C-4AC3-87EE-225DB4BE67F6}.Debug|Any CPU.Build.0 = Debug|Any CPU
		{700116DC-1C3C-4AC3-87EE-225DB4BE67F6}.Release|Any CPU.ActiveCfg = Release|Any CPU
		{700116DC-1C3C-4AC3-87EE-225DB4BE67F6}.Release|Any CPU.Build.0 = Release|Any CPU
	EndGlobalSection
	GlobalSection(SolutionProperties) = preSolution
		HideSolutionNode = FALSE
	EndGlobalSection
	GlobalSection(ExtensibilityGlobals) = postSolution
		SolutionGuid = {F31133BE-E677-4140-83D5-C98786C9CAD8}
	EndGlobalSection
EndGlobal
