
Microsoft Visual Studio Solution File, Format Version 12.00
# Visual Studio Version 17
VisualStudioVersion = 17.5.33530.505
MinimumVisualStudioVersion = 10.0.40219.1
Project("{FAE04EC0-301F-11D3-BF4B-00C04F79EFBC}") = "D07", "D07\D07.csproj", "{B270778A-A46A-4E32-9E68-8D860F74F0B1}"
EndProject
Global
	GlobalSection(SolutionConfigurationPlatforms) = preSolution
		Debug|Any CPU = Debug|Any CPU
		Release|Any CPU = Release|Any CPU
	EndGlobalSection
	GlobalSection(ProjectConfigurationPlatforms) = postSolution
		{B270778A-A46A-4E32-9E68-8D860F74F0B1}.Debug|Any CPU.ActiveCfg = Debug|Any CPU
		{B270778A-A46A-4E32-9E68-8D860F74F0B1}.Debug|Any CPU.Build.0 = Debug|Any CPU
		{B270778A-A46A-4E32-9E68-8D860F74F0B1}.Release|Any CPU.ActiveCfg = Release|Any CPU
		{B270778A-A46A-4E32-9E68-8D860F74F0B1}.Release|Any CPU.Build.0 = Release|Any CPU
	EndGlobalSection
	GlobalSection(SolutionProperties) = preSolution
		HideSolutionNode = FALSE
	EndGlobalSection
	GlobalSection(ExtensibilityGlobals) = postSolution
		SolutionGuid = {31824518-66D1-4CCE-9D1A-745F1412DAB4}
	EndGlobalSection
EndGlobal
