
Microsoft Visual Studio Solution File, Format Version 12.00
# Visual Studio Version 17
VisualStudioVersion = 17.5.33530.505
MinimumVisualStudioVersion = 10.0.40219.1
Project("{FAE04EC0-301F-11D3-BF4B-00C04F79EFBC}") = "D14", "D14\D14.csproj", "{71D355BE-7FB2-4FA8-9AD8-A469A573FC89}"
EndProject
Global
	GlobalSection(SolutionConfigurationPlatforms) = preSolution
		Debug|Any CPU = Debug|Any CPU
		Release|Any CPU = Release|Any CPU
	EndGlobalSection
	GlobalSection(ProjectConfigurationPlatforms) = postSolution
		{71D355BE-7FB2-4FA8-9AD8-A469A573FC89}.Debug|Any CPU.ActiveCfg = Debug|Any CPU
		{71D355BE-7FB2-4FA8-9AD8-A469A573FC89}.Debug|Any CPU.Build.0 = Debug|Any CPU
		{71D355BE-7FB2-4FA8-9AD8-A469A573FC89}.Release|Any CPU.ActiveCfg = Release|Any CPU
		{71D355BE-7FB2-4FA8-9AD8-A469A573FC89}.Release|Any CPU.Build.0 = Release|Any CPU
	EndGlobalSection
	GlobalSection(SolutionProperties) = preSolution
		HideSolutionNode = FALSE
	EndGlobalSection
	GlobalSection(ExtensibilityGlobals) = postSolution
		SolutionGuid = {DD477910-08A2-49E0-BCD0-46C8C902FAB3}
	EndGlobalSection
EndGlobal
