
Microsoft Visual Studio Solution File, Format Version 12.00
# Visual Studio Version 17
VisualStudioVersion = 17.5.33530.505
MinimumVisualStudioVersion = 10.0.40219.1
Project("{FAE04EC0-301F-11D3-BF4B-00C04F79EFBC}") = "D12", "D12\D12.csproj", "{EE8DE4AC-6C53-476D-B7AB-E4B53941D664}"
EndProject
Global
	GlobalSection(SolutionConfigurationPlatforms) = preSolution
		Debug|Any CPU = Debug|Any CPU
		Release|Any CPU = Release|Any CPU
	EndGlobalSection
	GlobalSection(ProjectConfigurationPlatforms) = postSolution
		{EE8DE4AC-6C53-476D-B7AB-E4B53941D664}.Debug|Any CPU.ActiveCfg = Debug|Any CPU
		{EE8DE4AC-6C53-476D-B7AB-E4B53941D664}.Debug|Any CPU.Build.0 = Debug|Any CPU
		{EE8DE4AC-6C53-476D-B7AB-E4B53941D664}.Release|Any CPU.ActiveCfg = Release|Any CPU
		{EE8DE4AC-6C53-476D-B7AB-E4B53941D664}.Release|Any CPU.Build.0 = Release|Any CPU
	EndGlobalSection
	GlobalSection(SolutionProperties) = preSolution
		HideSolutionNode = FALSE
	EndGlobalSection
	GlobalSection(ExtensibilityGlobals) = postSolution
		SolutionGuid = {0E755D24-8A78-40C1-9195-EE4DD5848A13}
	EndGlobalSection
EndGlobal
