
Microsoft Visual Studio Solution File, Format Version 12.00
# Visual Studio Version 17
VisualStudioVersion = 17.5.33530.505
MinimumVisualStudioVersion = 10.0.40219.1
Project("{FAE04EC0-301F-11D3-BF4B-00C04F79EFBC}") = "D13", "D13\D13.csproj", "{08D6D26A-37A9-4F43-8062-A10EC7555846}"
EndProject
Global
	GlobalSection(SolutionConfigurationPlatforms) = preSolution
		Debug|Any CPU = Debug|Any CPU
		Release|Any CPU = Release|Any CPU
	EndGlobalSection
	GlobalSection(ProjectConfigurationPlatforms) = postSolution
		{08D6D26A-37A9-4F43-8062-A10EC7555846}.Debug|Any CPU.ActiveCfg = Debug|Any CPU
		{08D6D26A-37A9-4F43-8062-A10EC7555846}.Debug|Any CPU.Build.0 = Debug|Any CPU
		{08D6D26A-37A9-4F43-8062-A10EC7555846}.Release|Any CPU.ActiveCfg = Release|Any CPU
		{08D6D26A-37A9-4F43-8062-A10EC7555846}.Release|Any CPU.Build.0 = Release|Any CPU
	EndGlobalSection
	GlobalSection(SolutionProperties) = preSolution
		HideSolutionNode = FALSE
	EndGlobalSection
	GlobalSection(ExtensibilityGlobals) = postSolution
		SolutionGuid = {5C2B7A8D-AC0F-4A80-869E-C74EE7288360}
	EndGlobalSection
EndGlobal
